
Microsoft Visual Studio Solution File, Format Version 12.00
# Visual Studio Version 17
VisualStudioVersion = 17.13.35828.75
MinimumVisualStudioVersion = 10.0.40219.1
Project("{2150E333-8FDC-42A3-9474-1A3956D46DE8}") = "src", "src", "{02EA681E-C7D8-13C7-8484-4AC65E1B71E8}"
EndProject
Project("{FAE04EC0-301F-11D3-BF4B-00C04F79EFBC}") = "Domain", "src\Domain\Domain.csproj", "{5211B45C-6FFC-4089-B245-98971A13FAAC}"
EndProject
Project("{FAE04EC0-301F-11D3-BF4B-00C04F79EFBC}") = "Application", "src\Application\Application.csproj", "{C7A3008B-51C6-46EF-BA2E-67E8D96776F1}"
EndProject
Project("{FAE04EC0-301F-11D3-BF4B-00C04F79EFBC}") = "Infrastructure", "src\Infrastructure\Infrastructure.csproj", "{C5874BF9-1978-4F9E-B47F-C939E59143C7}"
EndProject
Project("{FAE04EC0-301F-11D3-BF4B-00C04F79EFBC}") = "Presentation", "src\Presentation\Presentation.csproj", "{26FEBF5F-7D6D-45DB-B007-8B209A91EFFE}"
EndProject
Project("{FAE04EC0-301F-11D3-BF4B-00C04F79EFBC}") = "Web", "src\Web\Web.csproj", "{43CA9F51-0629-49CC-87F6-B0B7998259A3}"
EndProject
Project("{2150E333-8FDC-42A3-9474-1A3956D46DE8}") = "tests", "tests", "{0AB3BF05-4346-4AA6-1389-037BE0695223}"
EndProject
Project("{FAE04EC0-301F-11D3-BF4B-00C04F79EFBC}") = "UnitTests", "tests\UnitTests\UnitTests.csproj", "{CDE94DA3-CFCB-4814-B52A-ED22ED4B94AF}"
EndProject
Global
	GlobalSection(SolutionConfigurationPlatforms) = preSolution
		Debug|Any CPU = Debug|Any CPU
		Debug|x64 = Debug|x64
		Debug|x86 = Debug|x86
		Release|Any CPU = Release|Any CPU
		Release|x64 = Release|x64
		Release|x86 = Release|x86
	EndGlobalSection
	GlobalSection(ProjectConfigurationPlatforms) = postSolution
		{5211B45C-6FFC-4089-B245-98971A13FAAC}.Debug|Any CPU.ActiveCfg = Debug|Any CPU
		{5211B45C-6FFC-4089-B245-98971A13FAAC}.Debug|Any CPU.Build.0 = Debug|Any CPU
		{5211B45C-6FFC-4089-B245-98971A13FAAC}.Debug|x64.ActiveCfg = Debug|Any CPU
		{5211B45C-6FFC-4089-B245-98971A13FAAC}.Debug|x64.Build.0 = Debug|Any CPU
		{5211B45C-6FFC-4089-B245-98971A13FAAC}.Debug|x86.ActiveCfg = Debug|Any CPU
		{5211B45C-6FFC-4089-B245-98971A13FAAC}.Debug|x86.Build.0 = Debug|Any CPU
		{5211B45C-6FFC-4089-B245-98971A13FAAC}.Release|Any CPU.ActiveCfg = Release|Any CPU
		{5211B45C-6FFC-4089-B245-98971A13FAAC}.Release|Any CPU.Build.0 = Release|Any CPU
		{5211B45C-6FFC-4089-B245-98971A13FAAC}.Release|x64.ActiveCfg = Release|Any CPU
		{5211B45C-6FFC-4089-B245-98971A13FAAC}.Release|x64.Build.0 = Release|Any CPU
		{5211B45C-6FFC-4089-B245-98971A13FAAC}.Release|x86.ActiveCfg = Release|Any CPU
		{5211B45C-6FFC-4089-B245-98971A13FAAC}.Release|x86.Build.0 = Release|Any CPU
		{C7A3008B-51C6-46EF-BA2E-67E8D96776F1}.Debug|Any CPU.ActiveCfg = Debug|Any CPU
		{C7A3008B-51C6-46EF-BA2E-67E8D96776F1}.Debug|Any CPU.Build.0 = Debug|Any CPU
		{C7A3008B-51C6-46EF-BA2E-67E8D96776F1}.Debug|x64.ActiveCfg = Debug|Any CPU
		{C7A3008B-51C6-46EF-BA2E-67E8D96776F1}.Debug|x64.Build.0 = Debug|Any CPU
		{C7A3008B-51C6-46EF-BA2E-67E8D96776F1}.Debug|x86.ActiveCfg = Debug|Any CPU
		{C7A3008B-51C6-46EF-BA2E-67E8D96776F1}.Debug|x86.Build.0 = Debug|Any CPU
		{C7A3008B-51C6-46EF-BA2E-67E8D96776F1}.Release|Any CPU.ActiveCfg = Release|Any CPU
		{C7A3008B-51C6-46EF-BA2E-67E8D96776F1}.Release|Any CPU.Build.0 = Release|Any CPU
		{C7A3008B-51C6-46EF-BA2E-67E8D96776F1}.Release|x64.ActiveCfg = Release|Any CPU
		{C7A3008B-51C6-46EF-BA2E-67E8D96776F1}.Release|x64.Build.0 = Release|Any CPU
		{C7A3008B-51C6-46EF-BA2E-67E8D96776F1}.Release|x86.ActiveCfg = Release|Any CPU
		{C7A3008B-51C6-46EF-BA2E-67E8D96776F1}.Release|x86.Build.0 = Release|Any CPU
		{C5874BF9-1978-4F9E-B47F-C939E59143C7}.Debug|Any CPU.ActiveCfg = Debug|Any CPU
		{C5874BF9-1978-4F9E-B47F-C939E59143C7}.Debug|Any CPU.Build.0 = Debug|Any CPU
		{C5874BF9-1978-4F9E-B47F-C939E59143C7}.Debug|x64.ActiveCfg = Debug|Any CPU
		{C5874BF9-1978-4F9E-B47F-C939E59143C7}.Debug|x64.Build.0 = Debug|Any CPU
		{C5874BF9-1978-4F9E-B47F-C939E59143C7}.Debug|x86.ActiveCfg = Debug|Any CPU
		{C5874BF9-1978-4F9E-B47F-C939E59143C7}.Debug|x86.Build.0 = Debug|Any CPU
		{C5874BF9-1978-4F9E-B47F-C939E59143C7}.Release|Any CPU.ActiveCfg = Release|Any CPU
		{C5874BF9-1978-4F9E-B47F-C939E59143C7}.Release|Any CPU.Build.0 = Release|Any CPU
		{C5874BF9-1978-4F9E-B47F-C939E59143C7}.Release|x64.ActiveCfg = Release|Any CPU
		{C5874BF9-1978-4F9E-B47F-C939E59143C7}.Release|x64.Build.0 = Release|Any CPU
		{C5874BF9-1978-4F9E-B47F-C939E59143C7}.Release|x86.ActiveCfg = Release|Any CPU
		{C5874BF9-1978-4F9E-B47F-C939E59143C7}.Release|x86.Build.0 = Release|Any CPU
		{26FEBF5F-7D6D-45DB-B007-8B209A91EFFE}.Debug|Any CPU.ActiveCfg = Debug|Any CPU
		{26FEBF5F-7D6D-45DB-B007-8B209A91EFFE}.Debug|Any CPU.Build.0 = Debug|Any CPU
		{26FEBF5F-7D6D-45DB-B007-8B209A91EFFE}.Debug|x64.ActiveCfg = Debug|Any CPU
		{26FEBF5F-7D6D-45DB-B007-8B209A91EFFE}.Debug|x64.Build.0 = Debug|Any CPU
		{26FEBF5F-7D6D-45DB-B007-8B209A91EFFE}.Debug|x86.ActiveCfg = Debug|Any CPU
		{26FEBF5F-7D6D-45DB-B007-8B209A91EFFE}.Debug|x86.Build.0 = Debug|Any CPU
		{26FEBF5F-7D6D-45DB-B007-8B209A91EFFE}.Release|Any CPU.ActiveCfg = Release|Any CPU
		{26FEBF5F-7D6D-45DB-B007-8B209A91EFFE}.Release|Any CPU.Build.0 = Release|Any CPU
		{26FEBF5F-7D6D-45DB-B007-8B209A91EFFE}.Release|x64.ActiveCfg = Release|Any CPU
		{26FEBF5F-7D6D-45DB-B007-8B209A91EFFE}.Release|x64.Build.0 = Release|Any CPU
		{26FEBF5F-7D6D-45DB-B007-8B209A91EFFE}.Release|x86.ActiveCfg = Release|Any CPU
		{26FEBF5F-7D6D-45DB-B007-8B209A91EFFE}.Release|x86.Build.0 = Release|Any CPU
		{43CA9F51-0629-49CC-87F6-B0B7998259A3}.Debug|Any CPU.ActiveCfg = Debug|Any CPU
		{43CA9F51-0629-49CC-87F6-B0B7998259A3}.Debug|Any CPU.Build.0 = Debug|Any CPU
		{43CA9F51-0629-49CC-87F6-B0B7998259A3}.Debug|x64.ActiveCfg = Debug|Any CPU
		{43CA9F51-0629-49CC-87F6-B0B7998259A3}.Debug|x64.Build.0 = Debug|Any CPU
		{43CA9F51-0629-49CC-87F6-B0B7998259A3}.Debug|x86.ActiveCfg = Debug|Any CPU
		{43CA9F51-0629-49CC-87F6-B0B7998259A3}.Debug|x86.Build.0 = Debug|Any CPU
		{43CA9F51-0629-49CC-87F6-B0B7998259A3}.Release|Any CPU.ActiveCfg = Release|Any CPU
		{43CA9F51-0629-49CC-87F6-B0B7998259A3}.Release|Any CPU.Build.0 = Release|Any CPU
		{43CA9F51-0629-49CC-87F6-B0B7998259A3}.Release|x64.ActiveCfg = Release|Any CPU
		{43CA9F51-0629-49CC-87F6-B0B7998259A3}.Release|x64.Build.0 = Release|Any CPU
		{43CA9F51-0629-49CC-87F6-B0B7998259A3}.Release|x86.ActiveCfg = Release|Any CPU
		{43CA9F51-0629-49CC-87F6-B0B7998259A3}.Release|x86.Build.0 = Release|Any CPU
		{CDE94DA3-CFCB-4814-B52A-ED22ED4B94AF}.Debug|Any CPU.ActiveCfg = Debug|Any CPU
		{CDE94DA3-CFCB-4814-B52A-ED22ED4B94AF}.Debug|Any CPU.Build.0 = Debug|Any CPU
		{CDE94DA3-CFCB-4814-B52A-ED22ED4B94AF}.Debug|x64.ActiveCfg = Debug|Any CPU
		{CDE94DA3-CFCB-4814-B52A-ED22ED4B94AF}.Debug|x64.Build.0 = Debug|Any CPU
		{CDE94DA3-CFCB-4814-B52A-ED22ED4B94AF}.Debug|x86.ActiveCfg = Debug|Any CPU
		{CDE94DA3-CFCB-4814-B52A-ED22ED4B94AF}.Debug|x86.Build.0 = Debug|Any CPU
		{CDE94DA3-CFCB-4814-B52A-ED22ED4B94AF}.Release|Any CPU.ActiveCfg = Release|Any CPU
		{CDE94DA3-CFCB-4814-B52A-ED22ED4B94AF}.Release|Any CPU.Build.0 = Release|Any CPU
		{CDE94DA3-CFCB-4814-B52A-ED22ED4B94AF}.Release|x64.ActiveCfg = Release|Any CPU
		{CDE94DA3-CFCB-4814-B52A-ED22ED4B94AF}.Release|x64.Build.0 = Release|Any CPU
		{CDE94DA3-CFCB-4814-B52A-ED22ED4B94AF}.Release|x86.ActiveCfg = Release|Any CPU
		{CDE94DA3-CFCB-4814-B52A-ED22ED4B94AF}.Release|x86.Build.0 = Release|Any CPU
	EndGlobalSection
	GlobalSection(SolutionProperties) = preSolution
		HideSolutionNode = FALSE
	EndGlobalSection
	GlobalSection(NestedProjects) = preSolution
		{5211B45C-6FFC-4089-B245-98971A13FAAC} = {02EA681E-C7D8-13C7-8484-4AC65E1B71E8}
		{C7A3008B-51C6-46EF-BA2E-67E8D96776F1} = {02EA681E-C7D8-13C7-8484-4AC65E1B71E8}
		{C5874BF9-1978-4F9E-B47F-C939E59143C7} = {02EA681E-C7D8-13C7-8484-4AC65E1B71E8}
		{26FEBF5F-7D6D-45DB-B007-8B209A91EFFE} = {02EA681E-C7D8-13C7-8484-4AC65E1B71E8}
		{43CA9F51-0629-49CC-87F6-B0B7998259A3} = {02EA681E-C7D8-13C7-8484-4AC65E1B71E8}
		{CDE94DA3-CFCB-4814-B52A-ED22ED4B94AF} = {0AB3BF05-4346-4AA6-1389-037BE0695223}
	EndGlobalSection
	GlobalSection(ExtensibilityGlobals) = postSolution
		SolutionGuid = {08E114EF-4087-44EE-9C76-AA9AAEEDDF56}
	EndGlobalSection
EndGlobal
